// !$*UTF8*$!
{
	archiveVersion = 1;
	classes = {
	};
	objectVersion = 77;
	objects = {

/* Begin PBXContainerItemProxy section */
		C5E1775C2E50666D00A180A7 /* PBXContainerItemProxy */ = {
			isa = PBXContainerItemProxy;
			containerPortal = C5E1773D2E50666C00A180A7 /* Project object */;
			proxyType = 1;
			remoteGlobalIDString = C5E177442E50666C00A180A7;
			remoteInfo = "UIKit-VIPER-Showcase";
		};
		C5E177662E50666D00A180A7 /* PBXContainerItemProxy */ = {
			isa = PBXContainerItemProxy;
			containerPortal = C5E1773D2E50666C00A180A7 /* Project object */;
			proxyType = 1;
			remoteGlobalIDString = C5E177442E50666C00A180A7;
			remoteInfo = "UIKit-VIPER-Showcase";
		};
/* End PBXContainerItemProxy section */

/* Begin PBXFileReference section */
		C5E177452E50666C00A180A7 /* UIKit-VIPER-Showcase.app */ = {isa = PBXFileReference; explicitFileType = wrapper.application; includeInIndex = 0; path = "UIKit-VIPER-Showcase.app"; sourceTree = BUILT_PRODUCTS_DIR; };
		C5E1775B2E50666D00A180A7 /* UIKit-VIPER-ShowcaseTests.xctest */ = {isa = PBXFileReference; explicitFileType = wrapper.cfbundle; includeInIndex = 0; path = "UIKit-VIPER-ShowcaseTests.xctest"; sourceTree = BUILT_PRODUCTS_DIR; };
		C5E177652E50666D00A180A7 /* UIKit-VIPER-ShowcaseUITests.xctest */ = {isa = PBXFileReference; explicitFileType = wrapper.cfbundle; includeInIndex = 0; path = "UIKit-VIPER-ShowcaseUITests.xctest"; sourceTree = BUILT_PRODUCTS_DIR; };
/* End PBXFileReference section */

/* Begin PBXFileSystemSynchronizedBuildFileExceptionSet section */
		C5E1776D2E50666D00A180A7 /* Exceptions for "UIKit-VIPER-Showcase" folder in "UIKit-VIPER-Showcase" target */ = {
			isa = PBXFileSystemSynchronizedBuildFileExceptionSet;
			membershipExceptions = (
				Info.plist,
			);
			target = C5E177442E50666C00A180A7 /* UIKit-VIPER-Showcase */;
		};
/* End PBXFileSystemSynchronizedBuildFileExceptionSet section */

/* Begin PBXFileSystemSynchronizedRootGroup section */
		C5E177472E50666C00A180A7 /* UIKit-VIPER-Showcase */ = {
			isa = PBXFileSystemSynchronizedRootGroup;
			exceptions = (
				C5E1776D2E50666D00A180A7 /* Exceptions for "UIKit-VIPER-Showcase" folder in "UIKit-VIPER-Showcase" target */,
			);
			path = "UIKit-VIPER-Showcase";
			sourceTree = "<group>";
		};
		C5E1775E2E50666D00A180A7 /* UIKit-VIPER-ShowcaseTests */ = {
			isa = PBXFileSystemSynchronizedRootGroup;
			path = "UIKit-VIPER-ShowcaseTests";
			sourceTree = "<group>";
		};
		C5E177682E50666D00A180A7 /* UIKit-VIPER-ShowcaseUITests */ = {
			isa = PBXFileSystemSynchronizedRootGroup;
			path = "UIKit-VIPER-ShowcaseUITests";
			sourceTree = "<group>";
		};
/* End PBXFileSystemSynchronizedRootGroup section */

/* Begin PBXFrameworksBuildPhase section */
		C5E177422E50666C00A180A7 /* Frameworks */ = {
			isa = PBXFrameworksBuildPhase;
			buildActionMask = 2147483647;
			files = (
			);
			runOnlyForDeploymentPostprocessing = 0;
		};
		C5E177582E50666D00A180A7 /* Frameworks */ = {
			isa = PBXFrameworksBuildPhase;
			buildActionMask = 2147483647;
			files = (
			);
			runOnlyForDeploymentPostprocessing = 0;
		};
		C5E177622E50666D00A180A7 /* Frameworks */ = {
			isa = PBXFrameworksBuildPhase;
			buildActionMask = 2147483647;
			files = (
			);
			runOnlyForDeploymentPostprocessing = 0;
		};
/* End PBXFrameworksBuildPhase section */

/* Begin PBXGroup section */
		C5E1773C2E50666C00A180A7 = {
			isa = PBXGroup;
			children = (
				C5E177472E50666C00A180A7 /* UIKit-VIPER-Showcase */,
				C5E1775E2E50666D00A180A7 /* UIKit-VIPER-ShowcaseTests */,
				C5E177682E50666D00A180A7 /* UIKit-VIPER-ShowcaseUITests */,
				C5E177462E50666C00A180A7 /* Products */,
			);
			sourceTree = "<group>";
		};
		C5E177462E50666C00A180A7 /* Products */ = {
			isa = PBXGroup;
			children = (
				C5E177452E50666C00A180A7 /* UIKit-VIPER-Showcase.app */,
				C5E1775B2E50666D00A180A7 /* UIKit-VIPER-ShowcaseTests.xctest */,
				C5E177652E50666D00A180A7 /* UIKit-VIPER-ShowcaseUITests.xctest */,
			);
			name = Products;
			sourceTree = "<group>";
		};
/* End PBXGroup section */

/* Begin PBXNativeTarget section */
		C5E177442E50666C00A180A7 /* UIKit-VIPER-Showcase */ = {
			isa = PBXNativeTarget;
			buildConfigurationList = C5E1776E2E50666D00A180A7 /* Build configuration list for PBXNativeTarget "UIKit-VIPER-Showcase" */;
			buildPhases = (
				C5E177412E50666C00A180A7 /* Sources */,
				C5E177422E50666C00A180A7 /* Frameworks */,
				C5E177432E50666C00A180A7 /* Resources */,
			);
			buildRules = (
			);
			dependencies = (
			);
			fileSystemSynchronizedGroups = (
				C5E177472E50666C00A180A7 /* UIKit-VIPER-Showcase */,
			);
			name = "UIKit-VIPER-Showcase";
			packageProductDependencies = (
			);
			productName = "UIKit-VIPER-Showcase";
			productReference = C5E177452E50666C00A180A7 /* UIKit-VIPER-Showcase.app */;
			productType = "com.apple.product-type.application";
		};
		C5E1775A2E50666D00A180A7 /* UIKit-VIPER-ShowcaseTests */ = {
			isa = PBXNativeTarget;
			buildConfigurationList = C5E177732E50666D00A180A7 /* Build configuration list for PBXNativeTarget "UIKit-VIPER-ShowcaseTests" */;
			buildPhases = (
				C5E177572E50666D00A180A7 /* Sources */,
				C5E177582E50666D00A180A7 /* Frameworks */,
				C5E177592E50666D00A180A7 /* Resources */,
			);
			buildRules = (
			);
			dependencies = (
				C5E1775D2E50666D00A180A7 /* PBXTargetDependency */,
			);
			fileSystemSynchronizedGroups = (
				C5E1775E2E50666D00A180A7 /* UIKit-VIPER-ShowcaseTests */,
			);
			name = "UIKit-VIPER-ShowcaseTests";
			packageProductDependencies = (
			);
			productName = "UIKit-VIPER-ShowcaseTests";
			productReference = C5E1775B2E50666D00A180A7 /* UIKit-VIPER-ShowcaseTests.xctest */;
			productType = "com.apple.product-type.bundle.unit-test";
		};
		C5E177642E50666D00A180A7 /* UIKit-VIPER-ShowcaseUITests */ = {
			isa = PBXNativeTarget;
			buildConfigurationList = C5E177762E50666D00A180A7 /* Build configuration list for PBXNativeTarget "UIKit-VIPER-ShowcaseUITests" */;
			buildPhases = (
				C5E177612E50666D00A180A7 /* Sources */,
				C5E177622E50666D00A180A7 /* Frameworks */,
				C5E177632E50666D00A180A7 /* Resources */,
			);
			buildRules = (
			);
			dependencies = (
				C5E177672E50666D00A180A7 /* PBXTargetDependency */,
			);
			fileSystemSynchronizedGroups = (
				C5E177682E50666D00A180A7 /* UIKit-VIPER-ShowcaseUITests */,
			);
			name = "UIKit-VIPER-ShowcaseUITests";
			packageProductDependencies = (
			);
			productName = "UIKit-VIPER-ShowcaseUITests";
			productReference = C5E177652E50666D00A180A7 /* UIKit-VIPER-ShowcaseUITests.xctest */;
			productType = "com.apple.product-type.bundle.ui-testing";
		};
/* End PBXNativeTarget section */

/* Begin PBXProject section */
		C5E1773D2E50666C00A180A7 /* Project object */ = {
			isa = PBXProject;
			attributes = {
				BuildIndependentTargetsInParallel = 1;
				LastSwiftUpdateCheck = 1640;
				LastUpgradeCheck = 1640;
				TargetAttributes = {
					C5E177442E50666C00A180A7 = {
						CreatedOnToolsVersion = 16.4;
					};
					C5E1775A2E50666D00A180A7 = {
						CreatedOnToolsVersion = 16.4;
						TestTargetID = C5E177442E50666C00A180A7;
					};
					C5E177642E50666D00A180A7 = {
						CreatedOnToolsVersion = 16.4;
						TestTargetID = C5E177442E50666C00A180A7;
					};
				};
			};
			buildConfigurationList = C5E177402E50666C00A180A7 /* Build configuration list for PBXProject "UIKit-VIPER-Showcase" */;
			developmentRegion = en;
			hasScannedForEncodings = 0;
			knownRegions = (
				en,
				Base,
			);
			mainGroup = C5E1773C2E50666C00A180A7;
			minimizedProjectReferenceProxies = 1;
			preferredProjectObjectVersion = 77;
			productRefGroup = C5E177462E50666C00A180A7 /* Products */;
			projectDirPath = "";
			projectRoot = "";
			targets = (
				C5E177442E50666C00A180A7 /* UIKit-VIPER-Showcase */,
				C5E1775A2E50666D00A180A7 /* UIKit-VIPER-ShowcaseTests */,
				C5E177642E50666D00A180A7 /* UIKit-VIPER-ShowcaseUITests */,
			);
		};
/* End PBXProject section */

/* Begin PBXResourcesBuildPhase section */
		C5E177432E50666C00A180A7 /* Resources */ = {
			isa = PBXResourcesBuildPhase;
			buildActionMask = 2147483647;
			files = (
			);
			runOnlyForDeploymentPostprocessing = 0;
		};
		C5E177592E50666D00A180A7 /* Resources */ = {
			isa = PBXResourcesBuildPhase;
			buildActionMask = 2147483647;
			files = (
			);
			runOnlyForDeploymentPostprocessing = 0;
		};
		C5E177632E50666D00A180A7 /* Resources */ = {
			isa = PBXResourcesBuildPhase;
			buildActionMask = 2147483647;
			files = (
			);
			runOnlyForDeploymentPostprocessing = 0;
		};
/* End PBXResourcesBuildPhase section */

/* Begin PBXSourcesBuildPhase section */
		C5E177412E50666C00A180A7 /* Sources */ = {
			isa = PBXSourcesBuildPhase;
			buildActionMask = 2147483647;
			files = (
			);
			runOnlyForDeploymentPostprocessing = 0;
		};
		C5E177572E50666D00A180A7 /* Sources */ = {
			isa = PBXSourcesBuildPhase;
			buildActionMask = 2147483647;
			files = (
			);
			runOnlyForDeploymentPostprocessing = 0;
		};
		C5E177612E50666D00A180A7 /* Sources */ = {
			isa = PBXSourcesBuildPhase;
			buildActionMask = 2147483647;
			files = (
			);
			runOnlyForDeploymentPostprocessing = 0;
		};
/* End PBXSourcesBuildPhase section */

/* Begin PBXTargetDependency section */
		C5E1775D2E50666D00A180A7 /* PBXTargetDependency */ = {
			isa = PBXTargetDependency;
			target = C5E177442E50666C00A180A7 /* UIKit-VIPER-Showcase */;
			targetProxy = C5E1775C2E50666D00A180A7 /* PBXContainerItemProxy */;
		};
		C5E177672E50666D00A180A7 /* PBXTargetDependency */ = {
			isa = PBXTargetDependency;
			target = C5E177442E50666C00A180A7 /* UIKit-VIPER-Showcase */;
			targetProxy = C5E177662E50666D00A180A7 /* PBXContainerItemProxy */;
		};
/* End PBXTargetDependency section */

/* Begin XCBuildConfiguration section */
		C5E1776F2E50666D00A180A7 /* Debug */ = {
			isa = XCBuildConfiguration;
			buildSettings = {
				ASSETCATALOG_COMPILER_APPICON_NAME = AppIcon;
				ASSETCATALOG_COMPILER_GLOBAL_ACCENT_COLOR_NAME = AccentColor;
				CODE_SIGN_STYLE = Automatic;
				CURRENT_PROJECT_VERSION = 1;
				DEVELOPMENT_TEAM = MYL7DYP3W5;
				GENERATE_INFOPLIST_FILE = YES;
				INFOPLIST_FILE = "UIKit-VIPER-Showcase/Info.plist";
				INFOPLIST_KEY_UIApplicationSupportsIndirectInputEvents = YES;
				INFOPLIST_KEY_UILaunchStoryboardName = LaunchScreen;
				INFOPLIST_KEY_UIMainStoryboardFile = Main;
				INFOPLIST_KEY_UISupportedInterfaceOrientations_iPad = "UIInterfaceOrientationPortrait UIInterfaceOrientationPortraitUpsideDown UIInterfaceOrientationLandscapeLeft UIInterfaceOrientationLandscapeRight";
				INFOPLIST_KEY_UISupportedInterfaceOrientations_iPhone = "UIInterfaceOrientationPortrait UIInterfaceOrientationLandscapeLeft UIInterfaceOrientationLandscapeRight";
				LD_RUNPATH_SEARCH_PATHS = (
					"$(inherited)",
					"@executable_path/Frameworks",
				);
				MARKETING_VERSION = 1.0;
				PRODUCT_BUNDLE_IDENTIFIER = "com.emregemici.app.UIKit-VIPER-Showcase";
				PRODUCT_NAME = "$(TARGET_NAME)";
				SWIFT_EMIT_LOC_STRINGS = YES;
				SWIFT_VERSION = 5.0;
				TARGETED_DEVICE_FAMILY = "1,2";
			};
			name = Debug;
		};
		C5E177702E50666D00A180A7 /* Release */ = {
			isa = XCBuildConfiguration;
			buildSettings = {
				ASSETCATALOG_COMPILER_APPICON_NAME = AppIcon;
				ASSETCATALOG_COMPILER_GLOBAL_ACCENT_COLOR_NAME = AccentColor;
				CODE_SIGN_STYLE = Automatic;
				CURRENT_PROJECT_VERSION = 1;
				DEVELOPMENT_TEAM = MYL7DYP3W5;
				GENERATE_INFOPLIST_FILE = YES;
				INFOPLIST_FILE = "UIKit-VIPER-Showcase/Info.plist";
				INFOPLIST_KEY_UIApplicationSupportsIndirectInputEvents = YES;
				INFOPLIST_KEY_UILaunchStoryboardName = LaunchScreen;
				INFOPLIST_KEY_UIMainStoryboardFile = Main;
				INFOPLIST_KEY_UISupportedInterfaceOrientations_iPad = "UIInterfaceOrientationPortrait UIInterfaceOrientationPortraitUpsideDown UIInterfaceOrientationLandscapeLeft UIInterfaceOrientationLandscapeRight";
				INFOPLIST_KEY_UISupportedInterfaceOrientations_iPhone = "UIInterfaceOrientationPortrait UIInterfaceOrientationLandscapeLeft UIInterfaceOrientationLandscapeRight";
				LD_RUNPATH_SEARCH_PATHS = (
					"$(inherited)",
					"@executable_path/Frameworks",
				);
				MARKETING_VERSION = 1.0;
				PRODUCT_BUNDLE_IDENTIFIER = "com.emregemici.app.UIKit-VIPER-Showcase";
				PRODUCT_NAME = "$(TARGET_NAME)";
				SWIFT_EMIT_LOC_STRINGS = YES;
				SWIFT_VERSION = 5.0;
				TARGETED_DEVICE_FAMILY = "1,2";
			};
			name = Release;
		};
		C5E177712E50666D00A180A7 /* Debug */ = {
			isa = XCBuildConfiguration;
			buildSettings = {
				ALWAYS_SEARCH_USER_PATHS = NO;
				ASSETCATALOG_COMPILER_GENERATE_SWIFT_ASSET_SYMBOL_EXTENSIONS = YES;
				CLANG_ANALYZER_NONNULL = YES;
				CLANG_ANALYZER_NUMBER_OBJECT_CONVERSION = YES_AGGRESSIVE;
				CLANG_CXX_LANGUAGE_STANDARD = "gnu++20";
				CLANG_ENABLE_MODULES = YES;
				CLANG_ENABLE_OBJC_ARC = YES;
				CLANG_ENABLE_OBJC_WEAK = YES;
				CLANG_WARN_BLOCK_CAPTURE_AUTORELEASING = YES;
				CLANG_WARN_BOOL_CONVERSION = YES;
				CLANG_WARN_COMMA = YES;
				CLANG_WARN_CONSTANT_CONVERSION = YES;
				CLANG_WARN_DEPRECATED_OBJC_IMPLEMENTATIONS = YES;
				CLANG_WARN_DIRECT_OBJC_ISA_USAGE = YES_ERROR;
				CLANG_WARN_DOCUMENTATION_COMMENTS = YES;
				CLANG_WARN_EMPTY_BODY = YES;
				CLANG_WARN_ENUM_CONVERSION = YES;
				CLANG_WARN_INFINITE_RECURSION = YES;
				CLANG_WARN_INT_CONVERSION = YES;
				CLANG_WARN_NON_LITERAL_NULL_CONVERSION = YES;
				CLANG_WARN_OBJC_IMPLICIT_RETAIN_SELF = YES;
				CLANG_WARN_OBJC_LITERAL_CONVERSION = YES;
				CLANG_WARN_OBJC_ROOT_CLASS = YES_ERROR;
				CLANG_WARN_QUOTED_INCLUDE_IN_FRAMEWORK_HEADER = YES;
				CLANG_WARN_RANGE_LOOP_ANALYSIS = YES;
				CLANG_WARN_STRICT_PROTOTYPES = YES;
				CLANG_WARN_SUSPICIOUS_MOVE = YES;
				CLANG_WARN_UNGUARDED_AVAILABILITY = YES_AGGRESSIVE;
				CLANG_WARN_UNREACHABLE_CODE = YES;
				CLANG_WARN__DUPLICATE_METHOD_MATCH = YES;
				COPY_PHASE_STRIP = NO;
				DEBUG_INFORMATION_FORMAT = dwarf;
				DEVELOPMENT_TEAM = MYL7DYP3W5;
				ENABLE_STRICT_OBJC_MSGSEND = YES;
				ENABLE_TESTABILITY = YES;
				ENABLE_USER_SCRIPT_SANDBOXING = YES;
				GCC_C_LANGUAGE_STANDARD = gnu17;
				GCC_DYNAMIC_NO_PIC = NO;
				GCC_NO_COMMON_BLOCKS = YES;
				GCC_OPTIMIZATION_LEVEL = 0;
				GCC_PREPROCESSOR_DEFINITIONS = (
					"DEBUG=1",
					"$(inherited)",
				);
				GCC_WARN_64_TO_32_BIT_CONVERSION = YES;
				GCC_WARN_ABOUT_RETURN_TYPE = YES_ERROR;
				GCC_WARN_UNDECLARED_SELECTOR = YES;
				GCC_WARN_UNINITIALIZED_AUTOS = YES_AGGRESSIVE;
				GCC_WARN_UNUSED_FUNCTION = YES;
				GCC_WARN_UNUSED_VARIABLE = YES;
				IPHONEOS_DEPLOYMENT_TARGET = 18.5;
				LOCALIZATION_PREFERS_STRING_CATALOGS = YES;
				MTL_ENABLE_DEBUG_INFO = INCLUDE_SOURCE;
				MTL_FAST_MATH = YES;
				ONLY_ACTIVE_ARCH = YES;
				SDKROOT = iphoneos;
				SWIFT_ACTIVE_COMPILATION_CONDITIONS = "DEBUG $(inherited)";
				SWIFT_OPTIMIZATION_LEVEL = "-Onone";
			};
			name = Debug;
		};
		C5E177722E50666D00A180A7 /* Release */ = {
			isa = XCBuildConfiguration;
			buildSettings = {
				ALWAYS_SEARCH_USER_PATHS = NO;
				ASSETCATALOG_COMPILER_GENERATE_SWIFT_ASSET_SYMBOL_EXTENSIONS = YES;
				CLANG_ANALYZER_NONNULL = YES;
				CLANG_ANALYZER_NUMBER_OBJECT_CONVERSION = YES_AGGRESSIVE;
				CLANG_CXX_LANGUAGE_STANDARD = "gnu++20";
				CLANG_ENABLE_MODULES = YES;
				CLANG_ENABLE_OBJC_ARC = YES;
				CLANG_ENABLE_OBJC_WEAK = YES;
				CLANG_WARN_BLOCK_CAPTURE_AUTORELEASING = YES;
				CLANG_WARN_BOOL_CONVERSION = YES;
				CLANG_WARN_COMMA = YES;
				CLANG_WARN_CONSTANT_CONVERSION = YES;
				CLANG_WARN_DEPRECATED_OBJC_IMPLEMENTATIONS = YES;
				CLANG_WARN_DIRECT_OBJC_ISA_USAGE = YES_ERROR;
				CLANG_WARN_DOCUMENTATION_COMMENTS = YES;
				CLANG_WARN_EMPTY_BODY = YES;
				CLANG_WARN_ENUM_CONVERSION = YES;
				CLANG_WARN_INFINITE_RECURSION = YES;
				CLANG_WARN_INT_CONVERSION = YES;
				CLANG_WARN_NON_LITERAL_NULL_CONVERSION = YES;
				CLANG_WARN_OBJC_IMPLICIT_RETAIN_SELF = YES;
				CLANG_WARN_OBJC_LITERAL_CONVERSION = YES;
				CLANG_WARN_OBJC_ROOT_CLASS = YES_ERROR;
				CLANG_WARN_QUOTED_INCLUDE_IN_FRAMEWORK_HEADER = YES;
				CLANG_WARN_RANGE_LOOP_ANALYSIS = YES;
				CLANG_WARN_STRICT_PROTOTYPES = YES;
				CLANG_WARN_SUSPICIOUS_MOVE = YES;
				CLANG_WARN_UNGUARDED_AVAILABILITY = YES_AGGRESSIVE;
				CLANG_WARN_UNREACHABLE_CODE = YES;
				CLANG_WARN__DUPLICATE_METHOD_MATCH = YES;
				COPY_PHASE_STRIP = NO;
				DEBUG_INFORMATION_FORMAT = "dwarf-with-dsym";
				DEVELOPMENT_TEAM = MYL7DYP3W5;
				ENABLE_NS_ASSERTIONS = NO;
				ENABLE_STRICT_OBJC_MSGSEND = YES;
				ENABLE_USER_SCRIPT_SANDBOXING = YES;
				GCC_C_LANGUAGE_STANDARD = gnu17;
				GCC_NO_COMMON_BLOCKS = YES;
				GCC_WARN_64_TO_32_BIT_CONVERSION = YES;
				GCC_WARN_ABOUT_RETURN_TYPE = YES_ERROR;
				GCC_WARN_UNDECLARED_SELECTOR = YES;
				GCC_WARN_UNINITIALIZED_AUTOS = YES_AGGRESSIVE;
				GCC_WARN_UNUSED_FUNCTION = YES;
				GCC_WARN_UNUSED_VARIABLE = YES;
				IPHONEOS_DEPLOYMENT_TARGET = 18.5;
				LOCALIZATION_PREFERS_STRING_CATALOGS = YES;
				MTL_ENABLE_DEBUG_INFO = NO;
				MTL_FAST_MATH = YES;
				SDKROOT = iphoneos;
				SWIFT_COMPILATION_MODE = wholemodule;
				VALIDATE_PRODUCT = YES;
			};
			name = Release;
		};
		C5E177742E50666D00A180A7 /* Debug */ = {
			isa = XCBuildConfiguration;
			buildSettings = {
				BUNDLE_LOADER = "$(TEST_HOST)";
				CODE_SIGN_STYLE = Automatic;
				CURRENT_PROJECT_VERSION = 1;
				DEVELOPMENT_TEAM = MYL7DYP3W5;
				GENERATE_INFOPLIST_FILE = YES;
				IPHONEOS_DEPLOYMENT_TARGET = 18.5;
				MARKETING_VERSION = 1.0;
				PRODUCT_BUNDLE_IDENTIFIER = "com.emregemici.app.UIKit-VIPER-ShowcaseTests";
				PRODUCT_NAME = "$(TARGET_NAME)";
				SWIFT_EMIT_LOC_STRINGS = NO;
				SWIFT_VERSION = 5.0;
				TARGETED_DEVICE_FAMILY = "1,2";
				TEST_HOST = "$(BUILT_PRODUCTS_DIR)/UIKit-VIPER-Showcase.app/$(BUNDLE_EXECUTABLE_FOLDER_PATH)/UIKit-VIPER-Showcase";
			};
			name = Debug;
		};
		C5E177752E50666D00A180A7 /* Release */ = {
			isa = XCBuildConfiguration;
			buildSettings = {
				BUNDLE_LOADER = "$(TEST_HOST)";
				CODE_SIGN_STYLE = Automatic;
				CURRENT_PROJECT_VERSION = 1;
				DEVELOPMENT_TEAM = MYL7DYP3W5;
				GENERATE_INFOPLIST_FILE = YES;
				IPHONEOS_DEPLOYMENT_TARGET = 18.5;
				MARKETING_VERSION = 1.0;
				PRODUCT_BUNDLE_IDENTIFIER = "com.emregemici.app.UIKit-VIPER-ShowcaseTests";
				PRODUCT_NAME = "$(TARGET_NAME)";
				SWIFT_EMIT_LOC_STRINGS = NO;
				SWIFT_VERSION = 5.0;
				TARGETED_DEVICE_FAMILY = "1,2";
				TEST_HOST = "$(BUILT_PRODUCTS_DIR)/UIKit-VIPER-Showcase.app/$(BUNDLE_EXECUTABLE_FOLDER_PATH)/UIKit-VIPER-Showcase";
			};
			name = Release;
		};
		C5E177772E50666D00A180A7 /* Debug */ = {
			isa = XCBuildConfiguration;
			buildSettings = {
				CODE_SIGN_STYLE = Automatic;
				CURRENT_PROJECT_VERSION = 1;
				DEVELOPMENT_TEAM = MYL7DYP3W5;
				GENERATE_INFOPLIST_FILE = YES;
				MARKETING_VERSION = 1.0;
				PRODUCT_BUNDLE_IDENTIFIER = "com.emregemici.app.UIKit-VIPER-ShowcaseUITests";
				PRODUCT_NAME = "$(TARGET_NAME)";
				SWIFT_EMIT_LOC_STRINGS = NO;
				SWIFT_VERSION = 5.0;
				TARGETED_DEVICE_FAMILY = "1,2";
				TEST_TARGET_NAME = "UIKit-VIPER-Showcase";
			};
			name = Debug;
		};
		C5E177782E50666D00A180A7 /* Release */ = {
			isa = XCBuildConfiguration;
			buildSettings = {
				CODE_SIGN_STYLE = Automatic;
				CURRENT_PROJECT_VERSION = 1;
				DEVELOPMENT_TEAM = MYL7DYP3W5;
				GENERATE_INFOPLIST_FILE = YES;
				MARKETING_VERSION = 1.0;
				PRODUCT_BUNDLE_IDENTIFIER = "com.emregemici.app.UIKit-VIPER-ShowcaseUITests";
				PRODUCT_NAME = "$(TARGET_NAME)";
				SWIFT_EMIT_LOC_STRINGS = NO;
				SWIFT_VERSION = 5.0;
				TARGETED_DEVICE_FAMILY = "1,2";
				TEST_TARGET_NAME = "UIKit-VIPER-Showcase";
			};
			name = Release;
		};
/* End XCBuildConfiguration section */

/* Begin XCConfigurationList section */
		C5E177402E50666C00A180A7 /* Build configuration list for PBXProject "UIKit-VIPER-Showcase" */ = {
			isa = XCConfigurationList;
			buildConfigurations = (
				C5E177712E50666D00A180A7 /* Debug */,
				C5E177722E50666D00A180A7 /* Release */,
			);
			defaultConfigurationIsVisible = 0;
			defaultConfigurationName = Release;
		};
		C5E1776E2E50666D00A180A7 /* Build configuration list for PBXNativeTarget "UIKit-VIPER-Showcase" */ = {
			isa = XCConfigurationList;
			buildConfigurations = (
				C5E1776F2E50666D00A180A7 /* Debug */,
				C5E177702E50666D00A180A7 /* Release */,
			);
			defaultConfigurationIsVisible = 0;
			defaultConfigurationName = Release;
		};
		C5E177732E50666D00A180A7 /* Build configuration list for PBXNativeTarget "UIKit-VIPER-ShowcaseTests" */ = {
			isa = XCConfigurationList;
			buildConfigurations = (
				C5E177742E50666D00A180A7 /* Debug */,
				C5E177752E50666D00A180A7 /* Release */,
			);
			defaultConfigurationIsVisible = 0;
			defaultConfigurationName = Release;
		};
		C5E177762E50666D00A180A7 /* Build configuration list for PBXNativeTarget "UIKit-VIPER-ShowcaseUITests" */ = {
			isa = XCConfigurationList;
			buildConfigurations = (
				C5E177772E50666D00A180A7 /* Debug */,
				C5E177782E50666D00A180A7 /* Release */,
			);
			defaultConfigurationIsVisible = 0;
			defaultConfigurationName = Release;
		};
/* End XCConfigurationList section */
	};
	rootObject = C5E1773D2E50666C00A180A7 /* Project object */;
}
