// !$*UTF8*$!
{
	archiveVersion = 1;
	classes = {
	};
	objectVersion = 77;
	objects = {

/* Begin PBXBuildFile section */
		C5ABE19A2E53B3570041DC5B /* CartViewProtocol.swift in Sources */ = {isa = PBXBuildFile; fileRef = C5ABE1992E53B3570041DC5B /* CartViewProtocol.swift */; };
		C5ABE19D2E53B3E10041DC5B /* CartViewEntity.swift in Sources */ = {isa = PBXBuildFile; fileRef = C5ABE19C2E53B3E10041DC5B /* CartViewEntity.swift */; };
		C5ABE19F2E53B4AF0041DC5B /* CartInteractor.swift in Sources */ = {isa = PBXBuildFile; fileRef = C5ABE19E2E53B4AF0041DC5B /* CartInteractor.swift */; };
		C5ABE1A12E53B4FE0041DC5B /* CartPresenter.swift in Sources */ = {isa = PBXBuildFile; fileRef = C5ABE1A02E53B4FE0041DC5B /* CartPresenter.swift */; };
		C5ABE1A32E53B5520041DC5B /* CartRouter.swift in Sources */ = {isa = PBXBuildFile; fileRef = C5ABE1A22E53B5520041DC5B /* CartRouter.swift */; };
		C5ABE1A52E53B6310041DC5B /* CartViewController.swift in Sources */ = {isa = PBXBuildFile; fileRef = C5ABE1A42E53B6310041DC5B /* CartViewController.swift */; };
		C5ABE1A82E53B6C30041DC5B /* CartItemCell.swift in Sources */ = {isa = PBXBuildFile; fileRef = C5ABE1A72E53B6C30041DC5B /* CartItemCell.swift */; };
		C5ABE1AB2E53B7EC0041DC5B /* SnapKit in Frameworks */ = {isa = PBXBuildFile; productRef = C5ABE1AA2E53B7EC0041DC5B /* SnapKit */; };
		C5ABE1AE2E53C4BE0041DC5B /* ProductCell.swift in Sources */ = {isa = PBXBuildFile; fileRef = C5ABE1AD2E53C4BE0041DC5B /* ProductCell.swift */; };
		C5ABE1B02E53C8A20041DC5B /* Cart.swift in Sources */ = {isa = PBXBuildFile; fileRef = C5ABE1AF2E53C8A20041DC5B /* Cart.swift */; };
		C5E1779F2E50810300A180A7 /* AppDelegate.swift in Sources */ = {isa = PBXBuildFile; fileRef = C5E177952E50810300A180A7 /* AppDelegate.swift */; };
		C5E177A02E50810300A180A7 /* SceneDelegate.swift in Sources */ = {isa = PBXBuildFile; fileRef = C5E1779C2E50810300A180A7 /* SceneDelegate.swift */; };
		C5E177A22E50810300A180A7 /* Assets.xcassets in Resources */ = {isa = PBXBuildFile; fileRef = C5E177962E50810300A180A7 /* Assets.xcassets */; };
		C5E177A42E50810300A180A7 /* LaunchScreen.storyboard in Resources */ = {isa = PBXBuildFile; fileRef = C5E177992E50810300A180A7 /* LaunchScreen.storyboard */; };
		C5E177A52E50810300A180A7 /* Main.storyboard in Resources */ = {isa = PBXBuildFile; fileRef = C5E1779B2E50810300A180A7 /* Main.storyboard */; };
		C5E177AA2E50814600A180A7 /* ProductListProtocols.swift in Sources */ = {isa = PBXBuildFile; fileRef = C5E177A92E50814600A180A7 /* ProductListProtocols.swift */; };
		C5E177AC2E50814F00A180A7 /* ProductListEntity.swift in Sources */ = {isa = PBXBuildFile; fileRef = C5E177AB2E50814F00A180A7 /* ProductListEntity.swift */; };
		C5E177AE2E50815700A180A7 /* ProductListInteractor.swift in Sources */ = {isa = PBXBuildFile; fileRef = C5E177AD2E50815700A180A7 /* ProductListInteractor.swift */; };
		C5E177B02E50815F00A180A7 /* ProductListPresenter.swift in Sources */ = {isa = PBXBuildFile; fileRef = C5E177AF2E50815F00A180A7 /* ProductListPresenter.swift */; };
		C5E177B22E50816700A180A7 /* ProductListViewController.swift in Sources */ = {isa = PBXBuildFile; fileRef = C5E177B12E50816700A180A7 /* ProductListViewController.swift */; };
		C5E177B42E5081C300A180A7 /* ProductListRouter.swift in Sources */ = {isa = PBXBuildFile; fileRef = C5E177B32E5081C300A180A7 /* ProductListRouter.swift */; };
		C5E177B62E51C2A300A180A7 /* ProductListModule.swift in Sources */ = {isa = PBXBuildFile; fileRef = C5E177B52E51C2A300A180A7 /* ProductListModule.swift */; };
		C5E177BE2E51C6FE00A180A7 /* NetworkManager.swift in Sources */ = {isa = PBXBuildFile; fileRef = C5E177BD2E51C6FE00A180A7 /* NetworkManager.swift */; };
		C5E177C02E51C73200A180A7 /* NetworkError.swift in Sources */ = {isa = PBXBuildFile; fileRef = C5E177BF2E51C73200A180A7 /* NetworkError.swift */; };
		C5E177C22E51C77B00A180A7 /* Endpoint.swift in Sources */ = {isa = PBXBuildFile; fileRef = C5E177C12E51C77B00A180A7 /* Endpoint.swift */; };
		C5E177C42E51C8A600A180A7 /* ProductServiceProtocol.swift in Sources */ = {isa = PBXBuildFile; fileRef = C5E177C32E51C8A600A180A7 /* ProductServiceProtocol.swift */; };
		C5E177C62E51C8EE00A180A7 /* ProductService.swift in Sources */ = {isa = PBXBuildFile; fileRef = C5E177C52E51C8EE00A180A7 /* ProductService.swift */; };
		C5E177C82E51C92100A180A7 /* ProductDTO.swift in Sources */ = {isa = PBXBuildFile; fileRef = C5E177C72E51C92100A180A7 /* ProductDTO.swift */; };
		C5E177CC2E51CA2C00A180A7 /* ProductEndpoint.swift in Sources */ = {isa = PBXBuildFile; fileRef = C5E177CB2E51CA2C00A180A7 /* ProductEndpoint.swift */; };
		C5E177CF2E51E89000A180A7 /* Swinject in Frameworks */ = {isa = PBXBuildFile; productRef = C5E177CE2E51E89000A180A7 /* Swinject */; };
		C5E177D62E51EBCB00A180A7 /* DependencyContainer.swift in Sources */ = {isa = PBXBuildFile; fileRef = C5E177D52E51EBCB00A180A7 /* DependencyContainer.swift */; };
		C5E177DE2E51F4AD00A180A7 /* ProductDetailViewController.swift in Sources */ = {isa = PBXBuildFile; fileRef = C5E177DD2E51F4AD00A180A7 /* ProductDetailViewController.swift */; };
		C5E177E12E51F73200A180A7 /* ProductDetailProtocols.swift in Sources */ = {isa = PBXBuildFile; fileRef = C5E177E02E51F73200A180A7 /* ProductDetailProtocols.swift */; };
		C5E177E42E52020800A180A7 /* Kingfisher in Frameworks */ = {isa = PBXBuildFile; productRef = C5E177E32E52020800A180A7 /* Kingfisher */; };
		C5E177E72E52033800A180A7 /* ProductDetailRouter.swift in Sources */ = {isa = PBXBuildFile; fileRef = C5E177E62E52033800A180A7 /* ProductDetailRouter.swift */; };
		C5E177EB2E5206FF00A180A7 /* ProductDetailPresenter.swift in Sources */ = {isa = PBXBuildFile; fileRef = C5E177EA2E5206FF00A180A7 /* ProductDetailPresenter.swift */; };
		C5E177EE2E5208B400A180A7 /* ProductDetailInteractor.swift in Sources */ = {isa = PBXBuildFile; fileRef = C5E177ED2E5208B400A180A7 /* ProductDetailInteractor.swift */; };
/* End PBXBuildFile section */

/* Begin PBXContainerItemProxy section */
		C5E1775C2E50666D00A180A7 /* PBXContainerItemProxy */ = {
			isa = PBXContainerItemProxy;
			containerPortal = C5E1773D2E50666C00A180A7 /* Project object */;
			proxyType = 1;
			remoteGlobalIDString = C5E177442E50666C00A180A7;
			remoteInfo = "UIKit-VIPER-Showcase";
		};
		C5E177662E50666D00A180A7 /* PBXContainerItemProxy */ = {
			isa = PBXContainerItemProxy;
			containerPortal = C5E1773D2E50666C00A180A7 /* Project object */;
			proxyType = 1;
			remoteGlobalIDString = C5E177442E50666C00A180A7;
			remoteInfo = "UIKit-VIPER-Showcase";
		};
/* End PBXContainerItemProxy section */

/* Begin PBXFileReference section */
		C5ABE1992E53B3570041DC5B /* CartViewProtocol.swift */ = {isa = PBXFileReference; lastKnownFileType = sourcecode.swift; path = CartViewProtocol.swift; sourceTree = "<group>"; };
		C5ABE19C2E53B3E10041DC5B /* CartViewEntity.swift */ = {isa = PBXFileReference; lastKnownFileType = sourcecode.swift; path = CartViewEntity.swift; sourceTree = "<group>"; };
		C5ABE19E2E53B4AF0041DC5B /* CartInteractor.swift */ = {isa = PBXFileReference; lastKnownFileType = sourcecode.swift; path = CartInteractor.swift; sourceTree = "<group>"; };
		C5ABE1A02E53B4FE0041DC5B /* CartPresenter.swift */ = {isa = PBXFileReference; lastKnownFileType = sourcecode.swift; path = CartPresenter.swift; sourceTree = "<group>"; };
		C5ABE1A22E53B5520041DC5B /* CartRouter.swift */ = {isa = PBXFileReference; lastKnownFileType = sourcecode.swift; path = CartRouter.swift; sourceTree = "<group>"; };
		C5ABE1A42E53B6310041DC5B /* CartViewController.swift */ = {isa = PBXFileReference; lastKnownFileType = sourcecode.swift; path = CartViewController.swift; sourceTree = "<group>"; };
		C5ABE1A72E53B6C30041DC5B /* CartItemCell.swift */ = {isa = PBXFileReference; lastKnownFileType = sourcecode.swift; path = CartItemCell.swift; sourceTree = "<group>"; };
		C5ABE1AD2E53C4BE0041DC5B /* ProductCell.swift */ = {isa = PBXFileReference; lastKnownFileType = sourcecode.swift; path = ProductCell.swift; sourceTree = "<group>"; };
		C5ABE1AF2E53C8A20041DC5B /* Cart.swift */ = {isa = PBXFileReference; lastKnownFileType = sourcecode.swift; path = Cart.swift; sourceTree = "<group>"; };
		C5E177452E50666C00A180A7 /* UIKit-VIPER-Showcase.app */ = {isa = PBXFileReference; explicitFileType = wrapper.application; includeInIndex = 0; path = "UIKit-VIPER-Showcase.app"; sourceTree = BUILT_PRODUCTS_DIR; };
		C5E1775B2E50666D00A180A7 /* UIKit-VIPER-ShowcaseTests.xctest */ = {isa = PBXFileReference; explicitFileType = wrapper.cfbundle; includeInIndex = 0; path = "UIKit-VIPER-ShowcaseTests.xctest"; sourceTree = BUILT_PRODUCTS_DIR; };
		C5E177652E50666D00A180A7 /* UIKit-VIPER-ShowcaseUITests.xctest */ = {isa = PBXFileReference; explicitFileType = wrapper.cfbundle; includeInIndex = 0; path = "UIKit-VIPER-ShowcaseUITests.xctest"; sourceTree = BUILT_PRODUCTS_DIR; };
		C5E177952E50810300A180A7 /* AppDelegate.swift */ = {isa = PBXFileReference; lastKnownFileType = sourcecode.swift; path = AppDelegate.swift; sourceTree = "<group>"; };
		C5E177962E50810300A180A7 /* Assets.xcassets */ = {isa = PBXFileReference; lastKnownFileType = folder.assetcatalog; path = Assets.xcassets; sourceTree = "<group>"; };
		C5E177972E50810300A180A7 /* Info.plist */ = {isa = PBXFileReference; lastKnownFileType = text.plist.xml; path = Info.plist; sourceTree = "<group>"; };
		C5E177982E50810300A180A7 /* Base */ = {isa = PBXFileReference; lastKnownFileType = file.storyboard; name = Base; path = Base.lproj/LaunchScreen.storyboard; sourceTree = "<group>"; };
		C5E1779A2E50810300A180A7 /* Base */ = {isa = PBXFileReference; lastKnownFileType = file.storyboard; name = Base; path = Base.lproj/Main.storyboard; sourceTree = "<group>"; };
		C5E1779C2E50810300A180A7 /* SceneDelegate.swift */ = {isa = PBXFileReference; lastKnownFileType = sourcecode.swift; path = SceneDelegate.swift; sourceTree = "<group>"; };
		C5E177A92E50814600A180A7 /* ProductListProtocols.swift */ = {isa = PBXFileReference; lastKnownFileType = sourcecode.swift; path = ProductListProtocols.swift; sourceTree = "<group>"; };
		C5E177AB2E50814F00A180A7 /* ProductListEntity.swift */ = {isa = PBXFileReference; lastKnownFileType = sourcecode.swift; path = ProductListEntity.swift; sourceTree = "<group>"; };
		C5E177AD2E50815700A180A7 /* ProductListInteractor.swift */ = {isa = PBXFileReference; lastKnownFileType = sourcecode.swift; path = ProductListInteractor.swift; sourceTree = "<group>"; };
		C5E177AF2E50815F00A180A7 /* ProductListPresenter.swift */ = {isa = PBXFileReference; lastKnownFileType = sourcecode.swift; path = ProductListPresenter.swift; sourceTree = "<group>"; };
		C5E177B12E50816700A180A7 /* ProductListViewController.swift */ = {isa = PBXFileReference; lastKnownFileType = sourcecode.swift; path = ProductListViewController.swift; sourceTree = "<group>"; };
		C5E177B32E5081C300A180A7 /* ProductListRouter.swift */ = {isa = PBXFileReference; lastKnownFileType = sourcecode.swift; path = ProductListRouter.swift; sourceTree = "<group>"; };
		C5E177B52E51C2A300A180A7 /* ProductListModule.swift */ = {isa = PBXFileReference; lastKnownFileType = sourcecode.swift; path = ProductListModule.swift; sourceTree = "<group>"; };
		C5E177BD2E51C6FE00A180A7 /* NetworkManager.swift */ = {isa = PBXFileReference; lastKnownFileType = sourcecode.swift; path = NetworkManager.swift; sourceTree = "<group>"; };
		C5E177BF2E51C73200A180A7 /* NetworkError.swift */ = {isa = PBXFileReference; lastKnownFileType = sourcecode.swift; path = NetworkError.swift; sourceTree = "<group>"; };
		C5E177C12E51C77B00A180A7 /* Endpoint.swift */ = {isa = PBXFileReference; lastKnownFileType = sourcecode.swift; path = Endpoint.swift; sourceTree = "<group>"; };
		C5E177C32E51C8A600A180A7 /* ProductServiceProtocol.swift */ = {isa = PBXFileReference; lastKnownFileType = sourcecode.swift; path = ProductServiceProtocol.swift; sourceTree = "<group>"; };
		C5E177C52E51C8EE00A180A7 /* ProductService.swift */ = {isa = PBXFileReference; lastKnownFileType = sourcecode.swift; path = ProductService.swift; sourceTree = "<group>"; };
		C5E177C72E51C92100A180A7 /* ProductDTO.swift */ = {isa = PBXFileReference; lastKnownFileType = sourcecode.swift; path = ProductDTO.swift; sourceTree = "<group>"; };
		C5E177CB2E51CA2C00A180A7 /* ProductEndpoint.swift */ = {isa = PBXFileReference; lastKnownFileType = sourcecode.swift; path = ProductEndpoint.swift; sourceTree = "<group>"; };
		C5E177D52E51EBCB00A180A7 /* DependencyContainer.swift */ = {isa = PBXFileReference; lastKnownFileType = sourcecode.swift; path = DependencyContainer.swift; sourceTree = "<group>"; };
		C5E177DD2E51F4AD00A180A7 /* ProductDetailViewController.swift */ = {isa = PBXFileReference; lastKnownFileType = sourcecode.swift; path = ProductDetailViewController.swift; sourceTree = "<group>"; };
		C5E177E02E51F73200A180A7 /* ProductDetailProtocols.swift */ = {isa = PBXFileReference; lastKnownFileType = sourcecode.swift; name = ProductDetailProtocols.swift; path = /Users/abonesepeti/Documents/ProductDetailProtocols.swift; sourceTree = "<absolute>"; };
		C5E177E62E52033800A180A7 /* ProductDetailRouter.swift */ = {isa = PBXFileReference; lastKnownFileType = sourcecode.swift; path = ProductDetailRouter.swift; sourceTree = "<group>"; };
		C5E177EA2E5206FF00A180A7 /* ProductDetailPresenter.swift */ = {isa = PBXFileReference; lastKnownFileType = sourcecode.swift; path = ProductDetailPresenter.swift; sourceTree = "<group>"; };
		C5E177ED2E5208B400A180A7 /* ProductDetailInteractor.swift */ = {isa = PBXFileReference; lastKnownFileType = sourcecode.swift; path = ProductDetailInteractor.swift; sourceTree = "<group>"; };
/* End PBXFileReference section */

/* Begin PBXFileSystemSynchronizedRootGroup section */
		C5E1775E2E50666D00A180A7 /* UIKit-VIPER-ShowcaseTests */ = {
			isa = PBXFileSystemSynchronizedRootGroup;
			path = "UIKit-VIPER-ShowcaseTests";
			sourceTree = "<group>";
		};
		C5E177682E50666D00A180A7 /* UIKit-VIPER-ShowcaseUITests */ = {
			isa = PBXFileSystemSynchronizedRootGroup;
			path = "UIKit-VIPER-ShowcaseUITests";
			sourceTree = "<group>";
		};
/* End PBXFileSystemSynchronizedRootGroup section */

/* Begin PBXFrameworksBuildPhase section */
		C5E177422E50666C00A180A7 /* Frameworks */ = {
			isa = PBXFrameworksBuildPhase;
			buildActionMask = 2147483647;
			files = (
				C5ABE1AB2E53B7EC0041DC5B /* SnapKit in Frameworks */,
				C5E177E42E52020800A180A7 /* Kingfisher in Frameworks */,
				C5E177CF2E51E89000A180A7 /* Swinject in Frameworks */,
			);
			runOnlyForDeploymentPostprocessing = 0;
		};
		C5E177582E50666D00A180A7 /* Frameworks */ = {
			isa = PBXFrameworksBuildPhase;
			buildActionMask = 2147483647;
			files = (
			);
			runOnlyForDeploymentPostprocessing = 0;
		};
		C5E177622E50666D00A180A7 /* Frameworks */ = {
			isa = PBXFrameworksBuildPhase;
			buildActionMask = 2147483647;
			files = (
			);
			runOnlyForDeploymentPostprocessing = 0;
		};
/* End PBXFrameworksBuildPhase section */

/* Begin PBXGroup section */
		C5ABE1932E53B2F80041DC5B /* Interactor */ = {
			isa = PBXGroup;
			children = (
				C5ABE19E2E53B4AF0041DC5B /* CartInteractor.swift */,
			);
			path = Interactor;
			sourceTree = "<group>";
		};
		C5ABE1942E53B2F80041DC5B /* Presenter */ = {
			isa = PBXGroup;
			children = (
				C5ABE1A02E53B4FE0041DC5B /* CartPresenter.swift */,
			);
			path = Presenter;
			sourceTree = "<group>";
		};
		C5ABE1962E53B2F80041DC5B /* Router */ = {
			isa = PBXGroup;
			children = (
				C5ABE1A22E53B5520041DC5B /* CartRouter.swift */,
			);
			path = Router;
			sourceTree = "<group>";
		};
		C5ABE1972E53B2F80041DC5B /* View */ = {
			isa = PBXGroup;
			children = (
				C5ABE1A42E53B6310041DC5B /* CartViewController.swift */,
				C5ABE1A62E53B6B30041DC5B /* Components */,
			);
			path = View;
			sourceTree = "<group>";
		};
		C5ABE1982E53B2F80041DC5B /* Cart */ = {
			isa = PBXGroup;
			children = (
				C5ABE1992E53B3570041DC5B /* CartViewProtocol.swift */,
				C5ABE19B2E53B37F0041DC5B /* Entity */,
				C5ABE1932E53B2F80041DC5B /* Interactor */,
				C5ABE1942E53B2F80041DC5B /* Presenter */,
				C5ABE1962E53B2F80041DC5B /* Router */,
				C5ABE1972E53B2F80041DC5B /* View */,
			);
			path = Cart;
			sourceTree = "<group>";
		};
		C5ABE19B2E53B37F0041DC5B /* Entity */ = {
			isa = PBXGroup;
			children = (
				C5ABE1AF2E53C8A20041DC5B /* Cart.swift */,
				C5ABE19C2E53B3E10041DC5B /* CartViewEntity.swift */,
			);
			path = Entity;
			sourceTree = "<group>";
		};
		C5ABE1A62E53B6B30041DC5B /* Components */ = {
			isa = PBXGroup;
			children = (
				C5ABE1A72E53B6C30041DC5B /* CartItemCell.swift */,
			);
			path = Components;
			sourceTree = "<group>";
		};
		C5ABE1AC2E53C4A10041DC5B /* Components */ = {
			isa = PBXGroup;
			children = (
				C5ABE1AD2E53C4BE0041DC5B /* ProductCell.swift */,
			);
			path = Components;
			sourceTree = "<group>";
		};
		C5E1773C2E50666C00A180A7 = {
			isa = PBXGroup;
			children = (
				C5E1779E2E50810300A180A7 /* UIKit-VIPER-Showcase */,
				C5E1775E2E50666D00A180A7 /* UIKit-VIPER-ShowcaseTests */,
				C5E177682E50666D00A180A7 /* UIKit-VIPER-ShowcaseUITests */,
				C5E177462E50666C00A180A7 /* Products */,
			);
			sourceTree = "<group>";
		};
		C5E177462E50666C00A180A7 /* Products */ = {
			isa = PBXGroup;
			children = (
				C5E177452E50666C00A180A7 /* UIKit-VIPER-Showcase.app */,
				C5E1775B2E50666D00A180A7 /* UIKit-VIPER-ShowcaseTests.xctest */,
				C5E177652E50666D00A180A7 /* UIKit-VIPER-ShowcaseUITests.xctest */,
			);
			name = Products;
			sourceTree = "<group>";
		};
		C5E177922E50810300A180A7 /* Entity */ = {
			isa = PBXGroup;
			children = (
				C5E177AB2E50814F00A180A7 /* ProductListEntity.swift */,
			);
			path = Entity;
			sourceTree = "<group>";
		};
		C5E177932E50810300A180A7 /* Interactor */ = {
			isa = PBXGroup;
			children = (
				C5E177AD2E50815700A180A7 /* ProductListInteractor.swift */,
			);
			path = Interactor;
			sourceTree = "<group>";
		};
		C5E177942E50810300A180A7 /* ProductList */ = {
			isa = PBXGroup;
			children = (
				C5E177A92E50814600A180A7 /* ProductListProtocols.swift */,
				C5E177B52E51C2A300A180A7 /* ProductListModule.swift */,
				C5E177A82E50812900A180A7 /* View */,
				C5E177932E50810300A180A7 /* Interactor */,
				C5E177A62E50811700A180A7 /* Prensenter */,
				C5E177922E50810300A180A7 /* Entity */,
				C5E177A72E50812000A180A7 /* Router */,
			);
			path = ProductList;
			sourceTree = "<group>";
		};
		C5E1779E2E50810300A180A7 /* UIKit-VIPER-Showcase */ = {
			isa = PBXGroup;
			children = (
				C5E177D22E51EB8D00A180A7 /* App */,
				C5E177B82E51C6B800A180A7 /* Network */,
				C5E177D32E51EBAA00A180A7 /* Core */,
				C5E177EF2E520D4000A180A7 /* Code */,
				C5E177962E50810300A180A7 /* Assets.xcassets */,
				C5E177972E50810300A180A7 /* Info.plist */,
				C5E177992E50810300A180A7 /* LaunchScreen.storyboard */,
				C5E1779B2E50810300A180A7 /* Main.storyboard */,
			);
			path = "UIKit-VIPER-Showcase";
			sourceTree = "<group>";
		};
		C5E177A62E50811700A180A7 /* Prensenter */ = {
			isa = PBXGroup;
			children = (
				C5E177AF2E50815F00A180A7 /* ProductListPresenter.swift */,
			);
			path = Prensenter;
			sourceTree = "<group>";
		};
		C5E177A72E50812000A180A7 /* Router */ = {
			isa = PBXGroup;
			children = (
				C5E177B32E5081C300A180A7 /* ProductListRouter.swift */,
			);
			path = Router;
			sourceTree = "<group>";
		};
		C5E177A82E50812900A180A7 /* View */ = {
			isa = PBXGroup;
			children = (
				C5ABE1AC2E53C4A10041DC5B /* Components */,
				C5E177B12E50816700A180A7 /* ProductListViewController.swift */,
			);
			path = View;
			sourceTree = "<group>";
		};
		C5E177B82E51C6B800A180A7 /* Network */ = {
			isa = PBXGroup;
			children = (
				C5E177B92E51C6C000A180A7 /* Core */,
				C5E177BA2E51C6C900A180A7 /* Services */,
				C5E177C92E51CA0100A180A7 /* Endpoint */,
				C5E177BB2E51C6D300A180A7 /* Models */,
				C5E177BC2E51C6DC00A180A7 /* Mocks */,
			);
			path = Network;
			sourceTree = "<group>";
		};
		C5E177B92E51C6C000A180A7 /* Core */ = {
			isa = PBXGroup;
			children = (
				C5E177BD2E51C6FE00A180A7 /* NetworkManager.swift */,
				C5E177BF2E51C73200A180A7 /* NetworkError.swift */,
				C5E177C12E51C77B00A180A7 /* Endpoint.swift */,
			);
			path = Core;
			sourceTree = "<group>";
		};
		C5E177BA2E51C6C900A180A7 /* Services */ = {
			isa = PBXGroup;
			children = (
				C5E177C32E51C8A600A180A7 /* ProductServiceProtocol.swift */,
				C5E177C52E51C8EE00A180A7 /* ProductService.swift */,
			);
			path = Services;
			sourceTree = "<group>";
		};
		C5E177BB2E51C6D300A180A7 /* Models */ = {
			isa = PBXGroup;
			children = (
				C5E177C72E51C92100A180A7 /* ProductDTO.swift */,
			);
			path = Models;
			sourceTree = "<group>";
		};
		C5E177BC2E51C6DC00A180A7 /* Mocks */ = {
			isa = PBXGroup;
			children = (
			);
			path = Mocks;
			sourceTree = "<group>";
		};
		C5E177C92E51CA0100A180A7 /* Endpoint */ = {
			isa = PBXGroup;
			children = (
				C5E177CB2E51CA2C00A180A7 /* ProductEndpoint.swift */,
			);
			path = Endpoint;
			sourceTree = "<group>";
		};
		C5E177D22E51EB8D00A180A7 /* App */ = {
			isa = PBXGroup;
			children = (
				C5E177952E50810300A180A7 /* AppDelegate.swift */,
				C5E1779C2E50810300A180A7 /* SceneDelegate.swift */,
			);
			path = App;
			sourceTree = "<group>";
		};
		C5E177D32E51EBAA00A180A7 /* Core */ = {
			isa = PBXGroup;
			children = (
				C5E177D42E51EBB400A180A7 /* Dependency */,
			);
			path = Core;
			sourceTree = "<group>";
		};
		C5E177D42E51EBB400A180A7 /* Dependency */ = {
			isa = PBXGroup;
			children = (
				C5E177D52E51EBCB00A180A7 /* DependencyContainer.swift */,
			);
			path = Dependency;
			sourceTree = "<group>";
		};
		C5E177DB2E51F46F00A180A7 /* ProductDetail */ = {
			isa = PBXGroup;
			children = (
				C5E177E02E51F73200A180A7 /* ProductDetailProtocols.swift */,
				C5E177DC2E51F48400A180A7 /* View */,
				C5E177EC2E52085700A180A7 /* Interactor */,
				C5E177DF2E51F71600A180A7 /* Presenter */,
				C5E177E52E52032100A180A7 /* Router */,
			);
			path = ProductDetail;
			sourceTree = "<group>";
		};
		C5E177DC2E51F48400A180A7 /* View */ = {
			isa = PBXGroup;
			children = (
				C5E177DD2E51F4AD00A180A7 /* ProductDetailViewController.swift */,
			);
			path = View;
			sourceTree = "<group>";
		};
		C5E177DF2E51F71600A180A7 /* Presenter */ = {
			isa = PBXGroup;
			children = (
				C5E177EA2E5206FF00A180A7 /* ProductDetailPresenter.swift */,
			);
			path = Presenter;
			sourceTree = "<group>";
		};
		C5E177E52E52032100A180A7 /* Router */ = {
			isa = PBXGroup;
			children = (
				C5E177E62E52033800A180A7 /* ProductDetailRouter.swift */,
			);
			path = Router;
			sourceTree = "<group>";
		};
		C5E177EC2E52085700A180A7 /* Interactor */ = {
			isa = PBXGroup;
			children = (
				C5E177ED2E5208B400A180A7 /* ProductDetailInteractor.swift */,
			);
			path = Interactor;
			sourceTree = "<group>";
		};
		C5E177EF2E520D4000A180A7 /* Code */ = {
			isa = PBXGroup;
			children = (
				C5E177942E50810300A180A7 /* ProductList */,
				C5E177DB2E51F46F00A180A7 /* ProductDetail */,
				C5ABE1982E53B2F80041DC5B /* Cart */,
			);
			path = Code;
			sourceTree = "<group>";
		};
/* End PBXGroup section */

/* Begin PBXNativeTarget section */
		C5E177442E50666C00A180A7 /* UIKit-VIPER-Showcase */ = {
			isa = PBXNativeTarget;
			buildConfigurationList = C5E1776E2E50666D00A180A7 /* Build configuration list for PBXNativeTarget "UIKit-VIPER-Showcase" */;
			buildPhases = (
				C5E177412E50666C00A180A7 /* Sources */,
				C5E177422E50666C00A180A7 /* Frameworks */,
				C5E177432E50666C00A180A7 /* Resources */,
			);
			buildRules = (
			);
			dependencies = (
			);
			name = "UIKit-VIPER-Showcase";
			packageProductDependencies = (
				C5E177CE2E51E89000A180A7 /* Swinject */,
				C5E177E32E52020800A180A7 /* Kingfisher */,
				C5ABE1AA2E53B7EC0041DC5B /* SnapKit */,
			);
			productName = "UIKit-VIPER-Showcase";
			productReference = C5E177452E50666C00A180A7 /* UIKit-VIPER-Showcase.app */;
			productType = "com.apple.product-type.application";
		};
		C5E1775A2E50666D00A180A7 /* UIKit-VIPER-ShowcaseTests */ = {
			isa = PBXNativeTarget;
			buildConfigurationList = C5E177732E50666D00A180A7 /* Build configuration list for PBXNativeTarget "UIKit-VIPER-ShowcaseTests" */;
			buildPhases = (
				C5E177572E50666D00A180A7 /* Sources */,
				C5E177582E50666D00A180A7 /* Frameworks */,
				C5E177592E50666D00A180A7 /* Resources */,
			);
			buildRules = (
			);
			dependencies = (
				C5E1775D2E50666D00A180A7 /* PBXTargetDependency */,
			);
			fileSystemSynchronizedGroups = (
				C5E1775E2E50666D00A180A7 /* UIKit-VIPER-ShowcaseTests */,
			);
			name = "UIKit-VIPER-ShowcaseTests";
			packageProductDependencies = (
			);
			productName = "UIKit-VIPER-ShowcaseTests";
			productReference = C5E1775B2E50666D00A180A7 /* UIKit-VIPER-ShowcaseTests.xctest */;
			productType = "com.apple.product-type.bundle.unit-test";
		};
		C5E177642E50666D00A180A7 /* UIKit-VIPER-ShowcaseUITests */ = {
			isa = PBXNativeTarget;
			buildConfigurationList = C5E177762E50666D00A180A7 /* Build configuration list for PBXNativeTarget "UIKit-VIPER-ShowcaseUITests" */;
			buildPhases = (
				C5E177612E50666D00A180A7 /* Sources */,
				C5E177622E50666D00A180A7 /* Frameworks */,
				C5E177632E50666D00A180A7 /* Resources */,
			);
			buildRules = (
			);
			dependencies = (
				C5E177672E50666D00A180A7 /* PBXTargetDependency */,
			);
			fileSystemSynchronizedGroups = (
				C5E177682E50666D00A180A7 /* UIKit-VIPER-ShowcaseUITests */,
			);
			name = "UIKit-VIPER-ShowcaseUITests";
			packageProductDependencies = (
			);
			productName = "UIKit-VIPER-ShowcaseUITests";
			productReference = C5E177652E50666D00A180A7 /* UIKit-VIPER-ShowcaseUITests.xctest */;
			productType = "com.apple.product-type.bundle.ui-testing";
		};
/* End PBXNativeTarget section */

/* Begin PBXProject section */
		C5E1773D2E50666C00A180A7 /* Project object */ = {
			isa = PBXProject;
			attributes = {
				BuildIndependentTargetsInParallel = 1;
				LastSwiftUpdateCheck = 1640;
				LastUpgradeCheck = 1640;
				TargetAttributes = {
					C5E177442E50666C00A180A7 = {
						CreatedOnToolsVersion = 16.4;
					};
					C5E1775A2E50666D00A180A7 = {
						CreatedOnToolsVersion = 16.4;
						TestTargetID = C5E177442E50666C00A180A7;
					};
					C5E177642E50666D00A180A7 = {
						CreatedOnToolsVersion = 16.4;
						TestTargetID = C5E177442E50666C00A180A7;
					};
				};
			};
			buildConfigurationList = C5E177402E50666C00A180A7 /* Build configuration list for PBXProject "UIKit-VIPER-Showcase" */;
			developmentRegion = en;
			hasScannedForEncodings = 0;
			knownRegions = (
				en,
				Base,
			);
			mainGroup = C5E1773C2E50666C00A180A7;
			minimizedProjectReferenceProxies = 1;
			packageReferences = (
				C5E177CD2E51E89000A180A7 /* XCRemoteSwiftPackageReference "Swinject" */,
				C5E177E22E52020800A180A7 /* XCRemoteSwiftPackageReference "Kingfisher" */,
				C5ABE1A92E53B7EC0041DC5B /* XCRemoteSwiftPackageReference "SnapKit" */,
			);
			preferredProjectObjectVersion = 77;
			productRefGroup = C5E177462E50666C00A180A7 /* Products */;
			projectDirPath = "";
			projectRoot = "";
			targets = (
				C5E177442E50666C00A180A7 /* UIKit-VIPER-Showcase */,
				C5E1775A2E50666D00A180A7 /* UIKit-VIPER-ShowcaseTests */,
				C5E177642E50666D00A180A7 /* UIKit-VIPER-ShowcaseUITests */,
			);
		};
/* End PBXProject section */

/* Begin PBXResourcesBuildPhase section */
		C5E177432E50666C00A180A7 /* Resources */ = {
			isa = PBXResourcesBuildPhase;
			buildActionMask = 2147483647;
			files = (
				C5E177A22E50810300A180A7 /* Assets.xcassets in Resources */,
				C5E177A42E50810300A180A7 /* LaunchScreen.storyboard in Resources */,
				C5E177A52E50810300A180A7 /* Main.storyboard in Resources */,
			);
			runOnlyForDeploymentPostprocessing = 0;
		};
		C5E177592E50666D00A180A7 /* Resources */ = {
			isa = PBXResourcesBuildPhase;
			buildActionMask = 2147483647;
			files = (
			);
			runOnlyForDeploymentPostprocessing = 0;
		};
		C5E177632E50666D00A180A7 /* Resources */ = {
			isa = PBXResourcesBuildPhase;
			buildActionMask = 2147483647;
			files = (
			);
			runOnlyForDeploymentPostprocessing = 0;
		};
/* End PBXResourcesBuildPhase section */

/* Begin PBXSourcesBuildPhase section */
		C5E177412E50666C00A180A7 /* Sources */ = {
			isa = PBXSourcesBuildPhase;
			buildActionMask = 2147483647;
			files = (
				C5E1779F2E50810300A180A7 /* AppDelegate.swift in Sources */,
				C5E177B42E5081C300A180A7 /* ProductListRouter.swift in Sources */,
				C5ABE1B02E53C8A20041DC5B /* Cart.swift in Sources */,
				C5ABE1A32E53B5520041DC5B /* CartRouter.swift in Sources */,
				C5E177E12E51F73200A180A7 /* ProductDetailProtocols.swift in Sources */,
				C5E177A02E50810300A180A7 /* SceneDelegate.swift in Sources */,
				C5ABE1A82E53B6C30041DC5B /* CartItemCell.swift in Sources */,
				C5ABE1A12E53B4FE0041DC5B /* CartPresenter.swift in Sources */,
				C5E177C82E51C92100A180A7 /* ProductDTO.swift in Sources */,
				C5E177C42E51C8A600A180A7 /* ProductServiceProtocol.swift in Sources */,
				C5E177C22E51C77B00A180A7 /* Endpoint.swift in Sources */,
				C5E177EE2E5208B400A180A7 /* ProductDetailInteractor.swift in Sources */,
				C5E177B62E51C2A300A180A7 /* ProductListModule.swift in Sources */,
				C5E177BE2E51C6FE00A180A7 /* NetworkManager.swift in Sources */,
				C5E177CC2E51CA2C00A180A7 /* ProductEndpoint.swift in Sources */,
				C5ABE19F2E53B4AF0041DC5B /* CartInteractor.swift in Sources */,
				C5E177B02E50815F00A180A7 /* ProductListPresenter.swift in Sources */,
				C5E177AE2E50815700A180A7 /* ProductListInteractor.swift in Sources */,
				C5ABE1A52E53B6310041DC5B /* CartViewController.swift in Sources */,
				C5E177DE2E51F4AD00A180A7 /* ProductDetailViewController.swift in Sources */,
				C5E177AC2E50814F00A180A7 /* ProductListEntity.swift in Sources */,
				C5E177C02E51C73200A180A7 /* NetworkError.swift in Sources */,
				C5E177D62E51EBCB00A180A7 /* DependencyContainer.swift in Sources */,
				C5ABE19D2E53B3E10041DC5B /* CartViewEntity.swift in Sources */,
				C5E177B22E50816700A180A7 /* ProductListViewController.swift in Sources */,
				C5E177E72E52033800A180A7 /* ProductDetailRouter.swift in Sources */,
				C5ABE19A2E53B3570041DC5B /* CartViewProtocol.swift in Sources */,
				C5E177AA2E50814600A180A7 /* ProductListProtocols.swift in Sources */,
				C5ABE1AE2E53C4BE0041DC5B /* ProductCell.swift in Sources */,
				C5E177EB2E5206FF00A180A7 /* ProductDetailPresenter.swift in Sources */,
				C5E177C62E51C8EE00A180A7 /* ProductService.swift in Sources */,
			);
			runOnlyForDeploymentPostprocessing = 0;
		};
		C5E177572E50666D00A180A7 /* Sources */ = {
			isa = PBXSourcesBuildPhase;
			buildActionMask = 2147483647;
			files = (
			);
			runOnlyForDeploymentPostprocessing = 0;
		};
		C5E177612E50666D00A180A7 /* Sources */ = {
			isa = PBXSourcesBuildPhase;
			buildActionMask = 2147483647;
			files = (
			);
			runOnlyForDeploymentPostprocessing = 0;
		};
/* End PBXSourcesBuildPhase section */

/* Begin PBXTargetDependency section */
		C5E1775D2E50666D00A180A7 /* PBXTargetDependency */ = {
			isa = PBXTargetDependency;
			target = C5E177442E50666C00A180A7 /* UIKit-VIPER-Showcase */;
			targetProxy = C5E1775C2E50666D00A180A7 /* PBXContainerItemProxy */;
		};
		C5E177672E50666D00A180A7 /* PBXTargetDependency */ = {
			isa = PBXTargetDependency;
			target = C5E177442E50666C00A180A7 /* UIKit-VIPER-Showcase */;
			targetProxy = C5E177662E50666D00A180A7 /* PBXContainerItemProxy */;
		};
/* End PBXTargetDependency section */

/* Begin PBXVariantGroup section */
		C5E177992E50810300A180A7 /* LaunchScreen.storyboard */ = {
			isa = PBXVariantGroup;
			children = (
				C5E177982E50810300A180A7 /* Base */,
			);
			name = LaunchScreen.storyboard;
			sourceTree = "<group>";
		};
		C5E1779B2E50810300A180A7 /* Main.storyboard */ = {
			isa = PBXVariantGroup;
			children = (
				C5E1779A2E50810300A180A7 /* Base */,
			);
			name = Main.storyboard;
			sourceTree = "<group>";
		};
/* End PBXVariantGroup section */

/* Begin XCBuildConfiguration section */
		C5E1776F2E50666D00A180A7 /* Debug */ = {
			isa = XCBuildConfiguration;
			buildSettings = {
				ASSETCATALOG_COMPILER_APPICON_NAME = AppIcon;
				ASSETCATALOG_COMPILER_GLOBAL_ACCENT_COLOR_NAME = AccentColor;
				CODE_SIGN_STYLE = Automatic;
				CURRENT_PROJECT_VERSION = 1;
				DEVELOPMENT_TEAM = MYL7DYP3W5;
				GENERATE_INFOPLIST_FILE = YES;
				INFOPLIST_FILE = "UIKit-VIPER-Showcase/Info.plist";
				INFOPLIST_KEY_UIApplicationSupportsIndirectInputEvents = YES;
				INFOPLIST_KEY_UILaunchStoryboardName = LaunchScreen;
				INFOPLIST_KEY_UIMainStoryboardFile = Main;
				INFOPLIST_KEY_UIStatusBarStyle = UIStatusBarStyleLightContent;
				INFOPLIST_KEY_UISupportedInterfaceOrientations_iPad = "UIInterfaceOrientationPortrait UIInterfaceOrientationPortraitUpsideDown UIInterfaceOrientationLandscapeLeft UIInterfaceOrientationLandscapeRight";
				INFOPLIST_KEY_UISupportedInterfaceOrientations_iPhone = "UIInterfaceOrientationPortrait UIInterfaceOrientationLandscapeLeft UIInterfaceOrientationLandscapeRight";
				LD_RUNPATH_SEARCH_PATHS = (
					"$(inherited)",
					"@executable_path/Frameworks",
				);
				MARKETING_VERSION = 1.0;
				PRODUCT_BUNDLE_IDENTIFIER = "com.emregemici.app.UIKit-VIPER-Showcase";
				PRODUCT_NAME = "$(TARGET_NAME)";
				SWIFT_EMIT_LOC_STRINGS = YES;
				SWIFT_VERSION = 5.0;
				TARGETED_DEVICE_FAMILY = "1,2";
			};
			name = Debug;
		};
		C5E177702E50666D00A180A7 /* Release */ = {
			isa = XCBuildConfiguration;
			buildSettings = {
				ASSETCATALOG_COMPILER_APPICON_NAME = AppIcon;
				ASSETCATALOG_COMPILER_GLOBAL_ACCENT_COLOR_NAME = AccentColor;
				CODE_SIGN_STYLE = Automatic;
				CURRENT_PROJECT_VERSION = 1;
				DEVELOPMENT_TEAM = MYL7DYP3W5;
				GENERATE_INFOPLIST_FILE = YES;
				INFOPLIST_FILE = "UIKit-VIPER-Showcase/Info.plist";
				INFOPLIST_KEY_UIApplicationSupportsIndirectInputEvents = YES;
				INFOPLIST_KEY_UILaunchStoryboardName = LaunchScreen;
				INFOPLIST_KEY_UIMainStoryboardFile = Main;
				INFOPLIST_KEY_UIStatusBarStyle = UIStatusBarStyleLightContent;
				INFOPLIST_KEY_UISupportedInterfaceOrientations_iPad = "UIInterfaceOrientationPortrait UIInterfaceOrientationPortraitUpsideDown UIInterfaceOrientationLandscapeLeft UIInterfaceOrientationLandscapeRight";
				INFOPLIST_KEY_UISupportedInterfaceOrientations_iPhone = "UIInterfaceOrientationPortrait UIInterfaceOrientationLandscapeLeft UIInterfaceOrientationLandscapeRight";
				LD_RUNPATH_SEARCH_PATHS = (
					"$(inherited)",
					"@executable_path/Frameworks",
				);
				MARKETING_VERSION = 1.0;
				PRODUCT_BUNDLE_IDENTIFIER = "com.emregemici.app.UIKit-VIPER-Showcase";
				PRODUCT_NAME = "$(TARGET_NAME)";
				SWIFT_EMIT_LOC_STRINGS = YES;
				SWIFT_VERSION = 5.0;
				TARGETED_DEVICE_FAMILY = "1,2";
			};
			name = Release;
		};
		C5E177712E50666D00A180A7 /* Debug */ = {
			isa = XCBuildConfiguration;
			buildSettings = {
				ALWAYS_SEARCH_USER_PATHS = NO;
				ASSETCATALOG_COMPILER_GENERATE_SWIFT_ASSET_SYMBOL_EXTENSIONS = YES;
				CLANG_ANALYZER_NONNULL = YES;
				CLANG_ANALYZER_NUMBER_OBJECT_CONVERSION = YES_AGGRESSIVE;
				CLANG_CXX_LANGUAGE_STANDARD = "gnu++20";
				CLANG_ENABLE_MODULES = YES;
				CLANG_ENABLE_OBJC_ARC = YES;
				CLANG_ENABLE_OBJC_WEAK = YES;
				CLANG_WARN_BLOCK_CAPTURE_AUTORELEASING = YES;
				CLANG_WARN_BOOL_CONVERSION = YES;
				CLANG_WARN_COMMA = YES;
				CLANG_WARN_CONSTANT_CONVERSION = YES;
				CLANG_WARN_DEPRECATED_OBJC_IMPLEMENTATIONS = YES;
				CLANG_WARN_DIRECT_OBJC_ISA_USAGE = YES_ERROR;
				CLANG_WARN_DOCUMENTATION_COMMENTS = YES;
				CLANG_WARN_EMPTY_BODY = YES;
				CLANG_WARN_ENUM_CONVERSION = YES;
				CLANG_WARN_INFINITE_RECURSION = YES;
				CLANG_WARN_INT_CONVERSION = YES;
				CLANG_WARN_NON_LITERAL_NULL_CONVERSION = YES;
				CLANG_WARN_OBJC_IMPLICIT_RETAIN_SELF = YES;
				CLANG_WARN_OBJC_LITERAL_CONVERSION = YES;
				CLANG_WARN_OBJC_ROOT_CLASS = YES_ERROR;
				CLANG_WARN_QUOTED_INCLUDE_IN_FRAMEWORK_HEADER = YES;
				CLANG_WARN_RANGE_LOOP_ANALYSIS = YES;
				CLANG_WARN_STRICT_PROTOTYPES = YES;
				CLANG_WARN_SUSPICIOUS_MOVE = YES;
				CLANG_WARN_UNGUARDED_AVAILABILITY = YES_AGGRESSIVE;
				CLANG_WARN_UNREACHABLE_CODE = YES;
				CLANG_WARN__DUPLICATE_METHOD_MATCH = YES;
				COPY_PHASE_STRIP = NO;
				DEBUG_INFORMATION_FORMAT = dwarf;
				DEVELOPMENT_TEAM = MYL7DYP3W5;
				ENABLE_STRICT_OBJC_MSGSEND = YES;
				ENABLE_TESTABILITY = YES;
				ENABLE_USER_SCRIPT_SANDBOXING = YES;
				GCC_C_LANGUAGE_STANDARD = gnu17;
				GCC_DYNAMIC_NO_PIC = NO;
				GCC_NO_COMMON_BLOCKS = YES;
				GCC_OPTIMIZATION_LEVEL = 0;
				GCC_PREPROCESSOR_DEFINITIONS = (
					"DEBUG=1",
					"$(inherited)",
				);
				GCC_WARN_64_TO_32_BIT_CONVERSION = YES;
				GCC_WARN_ABOUT_RETURN_TYPE = YES_ERROR;
				GCC_WARN_UNDECLARED_SELECTOR = YES;
				GCC_WARN_UNINITIALIZED_AUTOS = YES_AGGRESSIVE;
				GCC_WARN_UNUSED_FUNCTION = YES;
				GCC_WARN_UNUSED_VARIABLE = YES;
				IPHONEOS_DEPLOYMENT_TARGET = 18.5;
				LOCALIZATION_PREFERS_STRING_CATALOGS = YES;
				MTL_ENABLE_DEBUG_INFO = INCLUDE_SOURCE;
				MTL_FAST_MATH = YES;
				ONLY_ACTIVE_ARCH = YES;
				SDKROOT = iphoneos;
				SWIFT_ACTIVE_COMPILATION_CONDITIONS = "DEBUG $(inherited)";
				SWIFT_OPTIMIZATION_LEVEL = "-Onone";
			};
			name = Debug;
		};
		C5E177722E50666D00A180A7 /* Release */ = {
			isa = XCBuildConfiguration;
			buildSettings = {
				ALWAYS_SEARCH_USER_PATHS = NO;
				ASSETCATALOG_COMPILER_GENERATE_SWIFT_ASSET_SYMBOL_EXTENSIONS = YES;
				CLANG_ANALYZER_NONNULL = YES;
				CLANG_ANALYZER_NUMBER_OBJECT_CONVERSION = YES_AGGRESSIVE;
				CLANG_CXX_LANGUAGE_STANDARD = "gnu++20";
				CLANG_ENABLE_MODULES = YES;
				CLANG_ENABLE_OBJC_ARC = YES;
				CLANG_ENABLE_OBJC_WEAK = YES;
				CLANG_WARN_BLOCK_CAPTURE_AUTORELEASING = YES;
				CLANG_WARN_BOOL_CONVERSION = YES;
				CLANG_WARN_COMMA = YES;
				CLANG_WARN_CONSTANT_CONVERSION = YES;
				CLANG_WARN_DEPRECATED_OBJC_IMPLEMENTATIONS = YES;
				CLANG_WARN_DIRECT_OBJC_ISA_USAGE = YES_ERROR;
				CLANG_WARN_DOCUMENTATION_COMMENTS = YES;
				CLANG_WARN_EMPTY_BODY = YES;
				CLANG_WARN_ENUM_CONVERSION = YES;
				CLANG_WARN_INFINITE_RECURSION = YES;
				CLANG_WARN_INT_CONVERSION = YES;
				CLANG_WARN_NON_LITERAL_NULL_CONVERSION = YES;
				CLANG_WARN_OBJC_IMPLICIT_RETAIN_SELF = YES;
				CLANG_WARN_OBJC_LITERAL_CONVERSION = YES;
				CLANG_WARN_OBJC_ROOT_CLASS = YES_ERROR;
				CLANG_WARN_QUOTED_INCLUDE_IN_FRAMEWORK_HEADER = YES;
				CLANG_WARN_RANGE_LOOP_ANALYSIS = YES;
				CLANG_WARN_STRICT_PROTOTYPES = YES;
				CLANG_WARN_SUSPICIOUS_MOVE = YES;
				CLANG_WARN_UNGUARDED_AVAILABILITY = YES_AGGRESSIVE;
				CLANG_WARN_UNREACHABLE_CODE = YES;
				CLANG_WARN__DUPLICATE_METHOD_MATCH = YES;
				COPY_PHASE_STRIP = NO;
				DEBUG_INFORMATION_FORMAT = "dwarf-with-dsym";
				DEVELOPMENT_TEAM = MYL7DYP3W5;
				ENABLE_NS_ASSERTIONS = NO;
				ENABLE_STRICT_OBJC_MSGSEND = YES;
				ENABLE_USER_SCRIPT_SANDBOXING = YES;
				GCC_C_LANGUAGE_STANDARD = gnu17;
				GCC_NO_COMMON_BLOCKS = YES;
				GCC_WARN_64_TO_32_BIT_CONVERSION = YES;
				GCC_WARN_ABOUT_RETURN_TYPE = YES_ERROR;
				GCC_WARN_UNDECLARED_SELECTOR = YES;
				GCC_WARN_UNINITIALIZED_AUTOS = YES_AGGRESSIVE;
				GCC_WARN_UNUSED_FUNCTION = YES;
				GCC_WARN_UNUSED_VARIABLE = YES;
				IPHONEOS_DEPLOYMENT_TARGET = 18.5;
				LOCALIZATION_PREFERS_STRING_CATALOGS = YES;
				MTL_ENABLE_DEBUG_INFO = NO;
				MTL_FAST_MATH = YES;
				SDKROOT = iphoneos;
				SWIFT_COMPILATION_MODE = wholemodule;
				VALIDATE_PRODUCT = YES;
			};
			name = Release;
		};
		C5E177742E50666D00A180A7 /* Debug */ = {
			isa = XCBuildConfiguration;
			buildSettings = {
				BUNDLE_LOADER = "$(TEST_HOST)";
				CODE_SIGN_STYLE = Automatic;
				CURRENT_PROJECT_VERSION = 1;
				DEVELOPMENT_TEAM = MYL7DYP3W5;
				GENERATE_INFOPLIST_FILE = YES;
				IPHONEOS_DEPLOYMENT_TARGET = 18.5;
				MARKETING_VERSION = 1.0;
				PRODUCT_BUNDLE_IDENTIFIER = "com.emregemici.app.UIKit-VIPER-ShowcaseTests";
				PRODUCT_NAME = "$(TARGET_NAME)";
				SWIFT_EMIT_LOC_STRINGS = NO;
				SWIFT_VERSION = 5.0;
				TARGETED_DEVICE_FAMILY = "1,2";
				TEST_HOST = "$(BUILT_PRODUCTS_DIR)/UIKit-VIPER-Showcase.app/$(BUNDLE_EXECUTABLE_FOLDER_PATH)/UIKit-VIPER-Showcase";
			};
			name = Debug;
		};
		C5E177752E50666D00A180A7 /* Release */ = {
			isa = XCBuildConfiguration;
			buildSettings = {
				BUNDLE_LOADER = "$(TEST_HOST)";
				CODE_SIGN_STYLE = Automatic;
				CURRENT_PROJECT_VERSION = 1;
				DEVELOPMENT_TEAM = MYL7DYP3W5;
				GENERATE_INFOPLIST_FILE = YES;
				IPHONEOS_DEPLOYMENT_TARGET = 18.5;
				MARKETING_VERSION = 1.0;
				PRODUCT_BUNDLE_IDENTIFIER = "com.emregemici.app.UIKit-VIPER-ShowcaseTests";
				PRODUCT_NAME = "$(TARGET_NAME)";
				SWIFT_EMIT_LOC_STRINGS = NO;
				SWIFT_VERSION = 5.0;
				TARGETED_DEVICE_FAMILY = "1,2";
				TEST_HOST = "$(BUILT_PRODUCTS_DIR)/UIKit-VIPER-Showcase.app/$(BUNDLE_EXECUTABLE_FOLDER_PATH)/UIKit-VIPER-Showcase";
			};
			name = Release;
		};
		C5E177772E50666D00A180A7 /* Debug */ = {
			isa = XCBuildConfiguration;
			buildSettings = {
				CODE_SIGN_STYLE = Automatic;
				CURRENT_PROJECT_VERSION = 1;
				DEVELOPMENT_TEAM = MYL7DYP3W5;
				GENERATE_INFOPLIST_FILE = YES;
				MARKETING_VERSION = 1.0;
				PRODUCT_BUNDLE_IDENTIFIER = "com.emregemici.app.UIKit-VIPER-ShowcaseUITests";
				PRODUCT_NAME = "$(TARGET_NAME)";
				SWIFT_EMIT_LOC_STRINGS = NO;
				SWIFT_VERSION = 5.0;
				TARGETED_DEVICE_FAMILY = "1,2";
				TEST_TARGET_NAME = "UIKit-VIPER-Showcase";
			};
			name = Debug;
		};
		C5E177782E50666D00A180A7 /* Release */ = {
			isa = XCBuildConfiguration;
			buildSettings = {
				CODE_SIGN_STYLE = Automatic;
				CURRENT_PROJECT_VERSION = 1;
				DEVELOPMENT_TEAM = MYL7DYP3W5;
				GENERATE_INFOPLIST_FILE = YES;
				MARKETING_VERSION = 1.0;
				PRODUCT_BUNDLE_IDENTIFIER = "com.emregemici.app.UIKit-VIPER-ShowcaseUITests";
				PRODUCT_NAME = "$(TARGET_NAME)";
				SWIFT_EMIT_LOC_STRINGS = NO;
				SWIFT_VERSION = 5.0;
				TARGETED_DEVICE_FAMILY = "1,2";
				TEST_TARGET_NAME = "UIKit-VIPER-Showcase";
			};
			name = Release;
		};
/* End XCBuildConfiguration section */

/* Begin XCConfigurationList section */
		C5E177402E50666C00A180A7 /* Build configuration list for PBXProject "UIKit-VIPER-Showcase" */ = {
			isa = XCConfigurationList;
			buildConfigurations = (
				C5E177712E50666D00A180A7 /* Debug */,
				C5E177722E50666D00A180A7 /* Release */,
			);
			defaultConfigurationIsVisible = 0;
			defaultConfigurationName = Release;
		};
		C5E1776E2E50666D00A180A7 /* Build configuration list for PBXNativeTarget "UIKit-VIPER-Showcase" */ = {
			isa = XCConfigurationList;
			buildConfigurations = (
				C5E1776F2E50666D00A180A7 /* Debug */,
				C5E177702E50666D00A180A7 /* Release */,
			);
			defaultConfigurationIsVisible = 0;
			defaultConfigurationName = Release;
		};
		C5E177732E50666D00A180A7 /* Build configuration list for PBXNativeTarget "UIKit-VIPER-ShowcaseTests" */ = {
			isa = XCConfigurationList;
			buildConfigurations = (
				C5E177742E50666D00A180A7 /* Debug */,
				C5E177752E50666D00A180A7 /* Release */,
			);
			defaultConfigurationIsVisible = 0;
			defaultConfigurationName = Release;
		};
		C5E177762E50666D00A180A7 /* Build configuration list for PBXNativeTarget "UIKit-VIPER-ShowcaseUITests" */ = {
			isa = XCConfigurationList;
			buildConfigurations = (
				C5E177772E50666D00A180A7 /* Debug */,
				C5E177782E50666D00A180A7 /* Release */,
			);
			defaultConfigurationIsVisible = 0;
			defaultConfigurationName = Release;
		};
/* End XCConfigurationList section */

/* Begin XCRemoteSwiftPackageReference section */
		C5ABE1A92E53B7EC0041DC5B /* XCRemoteSwiftPackageReference "SnapKit" */ = {
			isa = XCRemoteSwiftPackageReference;
			repositoryURL = "https://github.com/SnapKit/SnapKit.git";
			requirement = {
				kind = upToNextMajorVersion;
				minimumVersion = 5.7.1;
			};
		};
		C5E177CD2E51E89000A180A7 /* XCRemoteSwiftPackageReference "Swinject" */ = {
			isa = XCRemoteSwiftPackageReference;
			repositoryURL = "https://github.com/Swinject/Swinject.git";
			requirement = {
				kind = upToNextMajorVersion;
				minimumVersion = 2.9.1;
			};
		};
		C5E177E22E52020800A180A7 /* XCRemoteSwiftPackageReference "Kingfisher" */ = {
			isa = XCRemoteSwiftPackageReference;
			repositoryURL = "https://github.com/onevcat/Kingfisher.git";
			requirement = {
				kind = upToNextMajorVersion;
				minimumVersion = 8.5.0;
			};
		};
/* End XCRemoteSwiftPackageReference section */

/* Begin XCSwiftPackageProductDependency section */
		C5ABE1AA2E53B7EC0041DC5B /* SnapKit */ = {
			isa = XCSwiftPackageProductDependency;
			package = C5ABE1A92E53B7EC0041DC5B /* XCRemoteSwiftPackageReference "SnapKit" */;
			productName = SnapKit;
		};
		C5E177CE2E51E89000A180A7 /* Swinject */ = {
			isa = XCSwiftPackageProductDependency;
			package = C5E177CD2E51E89000A180A7 /* XCRemoteSwiftPackageReference "Swinject" */;
			productName = Swinject;
		};
		C5E177E32E52020800A180A7 /* Kingfisher */ = {
			isa = XCSwiftPackageProductDependency;
			package = C5E177E22E52020800A180A7 /* XCRemoteSwiftPackageReference "Kingfisher" */;
			productName = Kingfisher;
		};
/* End XCSwiftPackageProductDependency section */
	};
	rootObject = C5E1773D2E50666C00A180A7 /* Project object */;
}
